
Microsoft Visual Studio Solution File, Format Version 12.00
# Visual Studio Version 16
VisualStudioVersion = 16.0.31729.503
MinimumVisualStudioVersion = 10.0.40219.1
Project("{FAE04EC0-301F-11D3-BF4B-00C04F79EFBC}") = "WinFormsApp2", "WinFormsApp2\WinFormsApp2.csproj", "{ED18754B-F263-498C-A3F6-77604D560C01}"
EndProject
Global
	GlobalSection(SolutionConfigurationPlatforms) = preSolution
		Debug|Any CPU = Debug|Any CPU
		Release|Any CPU = Release|Any CPU
	EndGlobalSection
	GlobalSection(ProjectConfigurationPlatforms) = postSolution
		{ED18754B-F263-498C-A3F6-77604D560C01}.Debug|Any CPU.ActiveCfg = Debug|Any CPU
		{ED18754B-F263-498C-A3F6-77604D560C01}.Debug|Any CPU.Build.0 = Debug|Any CPU
		{ED18754B-F263-498C-A3F6-77604D560C01}.Release|Any CPU.ActiveCfg = Release|Any CPU
		{ED18754B-F263-498C-A3F6-77604D560C01}.Release|Any CPU.Build.0 = Release|Any CPU
	EndGlobalSection
	GlobalSection(SolutionProperties) = preSolution
		HideSolutionNode = FALSE
	EndGlobalSection
	GlobalSection(ExtensibilityGlobals) = postSolution
		SolutionGuid = {E28B1579-2175-4147-B22A-8DF82E4B8F74}
	EndGlobalSection
EndGlobal
